
Microsoft Visual Studio Solution File, Format Version 12.00
# Visual Studio Version 17
VisualStudioVersion = 17.9.34701.34
MinimumVisualStudioVersion = 10.0.40219.1
Project("{FAE04EC0-301F-11D3-BF4B-00C04F79EFBC}") = "ilyalab1", "ilyalab1\ilyalab1.csproj", "{F24A8ABA-B06F-4934-8761-7C3063DA0F36}"
EndProject
Global
	GlobalSection(SolutionConfigurationPlatforms) = preSolution
		Debug|Any CPU = Debug|Any CPU
		Release|Any CPU = Release|Any CPU
	EndGlobalSection
	GlobalSection(ProjectConfigurationPlatforms) = postSolution
		{F24A8ABA-B06F-4934-8761-7C3063DA0F36}.Debug|Any CPU.ActiveCfg = Debug|Any CPU
		{F24A8ABA-B06F-4934-8761-7C3063DA0F36}.Debug|Any CPU.Build.0 = Debug|Any CPU
		{F24A8ABA-B06F-4934-8761-7C3063DA0F36}.Release|Any CPU.ActiveCfg = Release|Any CPU
		{F24A8ABA-B06F-4934-8761-7C3063DA0F36}.Release|Any CPU.Build.0 = Release|Any CPU
	EndGlobalSection
	GlobalSection(SolutionProperties) = preSolution
		HideSolutionNode = FALSE
	EndGlobalSection
	GlobalSection(ExtensibilityGlobals) = postSolution
		SolutionGuid = {950F81D4-129D-4F0C-9D4D-1EED8E42220A}
	EndGlobalSection
EndGlobal
